
Microsoft Visual Studio Solution File, Format Version 12.00
# Visual Studio Version 17
VisualStudioVersion = 17.5.33414.496
MinimumVisualStudioVersion = 10.0.40219.1
Project("{FAE04EC0-301F-11D3-BF4B-00C04F79EFBC}") = "Two_dimensionalArrays", "Two_dimensionalArrays\Two_dimensionalArrays.csproj", "{777992E6-89BF-4B0A-9430-F0F2C76C4365}"
EndProject
Global
	GlobalSection(SolutionConfigurationPlatforms) = preSolution
		Debug|Any CPU = Debug|Any CPU
		Release|Any CPU = Release|Any CPU
	EndGlobalSection
	GlobalSection(ProjectConfigurationPlatforms) = postSolution
		{777992E6-89BF-4B0A-9430-F0F2C76C4365}.Debug|Any CPU.ActiveCfg = Debug|Any CPU
		{777992E6-89BF-4B0A-9430-F0F2C76C4365}.Debug|Any CPU.Build.0 = Debug|Any CPU
		{777992E6-89BF-4B0A-9430-F0F2C76C4365}.Release|Any CPU.ActiveCfg = Release|Any CPU
		{777992E6-89BF-4B0A-9430-F0F2C76C4365}.Release|Any CPU.Build.0 = Release|Any CPU
	EndGlobalSection
	GlobalSection(SolutionProperties) = preSolution
		HideSolutionNode = FALSE
	EndGlobalSection
	GlobalSection(ExtensibilityGlobals) = postSolution
		SolutionGuid = {49380381-D447-41A5-9306-B2574FE2842B}
	EndGlobalSection
EndGlobal
